
Microsoft Visual Studio Solution File, Format Version 12.00
# Visual Studio Version 16
VisualStudioVersion = 16.0.30717.126
MinimumVisualStudioVersion = 10.0.40219.1
Project("{FAE04EC0-301F-11D3-BF4B-00C04F79EFBC}") = "BlazorApp1", "BlazorApp1\BlazorApp1\BlazorApp1.csproj", "{619FBEB8-0134-41E3-9571-8BD468FB9A7A}"
EndProject
Global
	GlobalSection(SolutionConfigurationPlatforms) = preSolution
		Debug|Any CPU = Debug|Any CPU
		Release|Any CPU = Release|Any CPU
	EndGlobalSection
	GlobalSection(ProjectConfigurationPlatforms) = postSolution
		{619FBEB8-0134-41E3-9571-8BD468FB9A7A}.Debug|Any CPU.ActiveCfg = Debug|Any CPU
		{619FBEB8-0134-41E3-9571-8BD468FB9A7A}.Debug|Any CPU.Build.0 = Debug|Any CPU
		{619FBEB8-0134-41E3-9571-8BD468FB9A7A}.Release|Any CPU.ActiveCfg = Release|Any CPU
		{619FBEB8-0134-41E3-9571-8BD468FB9A7A}.Release|Any CPU.Build.0 = Release|Any CPU
	EndGlobalSection
	GlobalSection(SolutionProperties) = preSolution
		HideSolutionNode = FALSE
	EndGlobalSection
	GlobalSection(ExtensibilityGlobals) = postSolution
		SolutionGuid = {0C8F0C02-F1A5-4927-B035-6BC8030B8F29}
	EndGlobalSection
EndGlobal
